# This file is generated by running "yarn install" inside your project.
# Manual changes might be lost - proceed with caution!

__metadata:
  version: 8
  cacheKey: 10c0

"argparse@npm:^2.0.1":
  version: 2.0.1
  resolution: "argparse@npm:2.0.1"
  checksum: 10c0/c5640c2d89045371c7cedd6a70212a04e360fd34d6edeae32f6952c63949e3525ea77dbec0289d8213a99bbaeab5abfa860b5c12cf88a2e6cf8106e90dd27a7e
  languageName: node
  linkType: hard

"js-yaml@npm:4.2.0":
  version: 4.2.0
  resolution: "js-yaml@npm:4.2.0"
  dependencies:
    argparse: "npm:^2.0.1"
  bin:
    js-yaml: bin/js-yaml.js
  checksum: 10c0/1916456c118746603b067d74bbcbb0445d9a1d5e474ad4ae775e7b20525bed902e01d9d97dd0c81fcd8d4f596162309d0eb057f4aa38f3e9647f14075e9dea45
  languageName: node
  linkType: hard

"sparklogs-ai-plugins@workspace:.":
  version: 0.0.0-use.local
  resolution: "sparklogs-ai-plugins@workspace:."
  dependencies:
    js-yaml: "npm:4.2.0"
  languageName: unknown
  linkType: soft
